
Microsoft Visual Studio Solution File, Format Version 12.00
# Visual Studio Version 16
VisualStudioVersion = 16.0.28803.202
MinimumVisualStudioVersion = 10.0.40219.1
Project("{FAE04EC0-301F-11D3-BF4B-00C04F79EFBC}") = "R3DDD.WinForm", "R3DDD.WinForm\R3DDD.WinForm.csproj", "{C2BA1072-1968-4BF1-9957-5CF252CEE694}"
EndProject
Project("{FAE04EC0-301F-11D3-BF4B-00C04F79EFBC}") = "R3DDD.Domain", "R3DDD.Domain\R3DDD.Domain.csproj", "{460A2966-A522-48A3-AEE8-487ACDF2220A}"
EndProject
Project("{FAE04EC0-301F-11D3-BF4B-00C04F79EFBC}") = "R3DDD.Infrastructure", "R3DDD.Infrastructure\R3DDD.Infrastructure.csproj", "{A4B8DE41-8957-4F63-BC98-BB2DB28C9A85}"
EndProject
Project("{FAE04EC0-301F-11D3-BF4B-00C04F79EFBC}") = "R3DDDTest.Tests", "R3DDDTest.Tests\R3DDDTest.Tests.csproj", "{FFF12EE9-14B8-44D3-A8AA-7D38EC280430}"
EndProject
Global
	GlobalSection(SolutionConfigurationPlatforms) = preSolution
		Debug|Any CPU = Debug|Any CPU
		Release|Any CPU = Release|Any CPU
	EndGlobalSection
	GlobalSection(ProjectConfigurationPlatforms) = postSolution
		{C2BA1072-1968-4BF1-9957-5CF252CEE694}.Debug|Any CPU.ActiveCfg = Debug|Any CPU
		{C2BA1072-1968-4BF1-9957-5CF252CEE694}.Debug|Any CPU.Build.0 = Debug|Any CPU
		{C2BA1072-1968-4BF1-9957-5CF252CEE694}.Release|Any CPU.ActiveCfg = Release|Any CPU
		{C2BA1072-1968-4BF1-9957-5CF252CEE694}.Release|Any CPU.Build.0 = Release|Any CPU
		{460A2966-A522-48A3-AEE8-487ACDF2220A}.Debug|Any CPU.ActiveCfg = Debug|Any CPU
		{460A2966-A522-48A3-AEE8-487ACDF2220A}.Debug|Any CPU.Build.0 = Debug|Any CPU
		{460A2966-A522-48A3-AEE8-487ACDF2220A}.Release|Any CPU.ActiveCfg = Release|Any CPU
		{460A2966-A522-48A3-AEE8-487ACDF2220A}.Release|Any CPU.Build.0 = Release|Any CPU
		{A4B8DE41-8957-4F63-BC98-BB2DB28C9A85}.Debug|Any CPU.ActiveCfg = Debug|Any CPU
		{A4B8DE41-8957-4F63-BC98-BB2DB28C9A85}.Debug|Any CPU.Build.0 = Debug|Any CPU
		{A4B8DE41-8957-4F63-BC98-BB2DB28C9A85}.Release|Any CPU.ActiveCfg = Release|Any CPU
		{A4B8DE41-8957-4F63-BC98-BB2DB28C9A85}.Release|Any CPU.Build.0 = Release|Any CPU
		{FFF12EE9-14B8-44D3-A8AA-7D38EC280430}.Debug|Any CPU.ActiveCfg = Debug|Any CPU
		{FFF12EE9-14B8-44D3-A8AA-7D38EC280430}.Debug|Any CPU.Build.0 = Debug|Any CPU
		{FFF12EE9-14B8-44D3-A8AA-7D38EC280430}.Release|Any CPU.ActiveCfg = Release|Any CPU
		{FFF12EE9-14B8-44D3-A8AA-7D38EC280430}.Release|Any CPU.Build.0 = Release|Any CPU
	EndGlobalSection
	GlobalSection(SolutionProperties) = preSolution
		HideSolutionNode = FALSE
	EndGlobalSection
	GlobalSection(ExtensibilityGlobals) = postSolution
		SolutionGuid = {B2D85459-7394-443E-9121-7C021E7E8E46}
	EndGlobalSection
EndGlobal
